
Microsoft Visual Studio Solution File, Format Version 11.00
# Visual Studio 2010
Project("{FAE04EC0-301F-11D3-BF4B-00C04F79EFBC}") = "RulesEngineExample", "RulesEngineExample.csproj", "{93C1325A-8A52-45ED-A49D-7D75F2D3781D}"
EndProject
Global
	GlobalSection(SolutionConfigurationPlatforms) = preSolution
		Debug|Any CPU = Debug|Any CPU
		Release|Any CPU = Release|Any CPU
	EndGlobalSection
	GlobalSection(ProjectConfigurationPlatforms) = postSolution
		{93C1325A-8A52-45ED-A49D-7D75F2D3781D}.Debug|Any CPU.ActiveCfg = Debug|Any CPU
		{93C1325A-8A52-45ED-A49D-7D75F2D3781D}.Debug|Any CPU.Build.0 = Debug|Any CPU
		{93C1325A-8A52-45ED-A49D-7D75F2D3781D}.Release|Any CPU.ActiveCfg = Release|Any CPU
		{93C1325A-8A52-45ED-A49D-7D75F2D3781D}.Release|Any CPU.Build.0 = Release|Any CPU
	EndGlobalSection
	GlobalSection(SolutionProperties) = preSolution
		HideSolutionNode = FALSE
	EndGlobalSection
EndGlobal
